# Generated by buf. DO NOT EDIT.
version: v1
deps:
  - remote: buf.build
    owner: bufbuild
    repository: protovalidate
    commit: 1baebb0a15184714854fa1ddfd22a29b
    digest: shake256:ecd24ac37ca4f1ea65d816ae98e2a977e5004076ac957de9aedc0d4b517c66eaf3b7c8d6c7669ffd6e2eca5e8a5705372bed339ba47a608b37183ef1ee4f8baf
